
Microsoft Visual Studio Solution File, Format Version 12.00
# SQL Server Management Studio Version 21
VisualStudioVersion = 17.14.36603.0
MinimumVisualStudioVersion = 10.0.40219.1
Project("{4F2E2C19-372F-40D8-9FA7-9D2138C6997A}") = "To-BE_Sistema_de_Gestión_de_Parques_Nacionales", "To-BE_Sistema_de_Gestión_de_Parques_Nacionales.ssmssqlproj", "{1AB1FBB9-ADC6-4A43-14C0-FA1FADD37E7E}"
EndProject
Global
	GlobalSection(SolutionConfigurationPlatforms) = preSolution
		Default|Default = Default|Default
	EndGlobalSection
	GlobalSection(ProjectConfigurationPlatforms) = postSolution
		{1AB1FBB9-ADC6-4A43-14C0-FA1FADD37E7E}.Default|Default.ActiveCfg = Default
		{9DD7E626-E0C2-4A07-99FF-BB7A5AA24331}.Default|Default.ActiveCfg = Default
	EndGlobalSection
	GlobalSection(SolutionProperties) = preSolution
		HideSolutionNode = FALSE
	EndGlobalSection
	GlobalSection(ExtensibilityGlobals) = postSolution
		SolutionGuid = {14AEF6FE-5E8D-40F5-A62C-030AF5856030}
	EndGlobalSection
EndGlobal
